<?xml version="1.0" encoding="utf-8"?>
<Project ToolsVersion="4.0" xmlns="http://schemas.microsoft.com/developer/msbuild/2003">
  <ItemGroup>
    <Filter Include="Source Files">
      <UniqueIdentifier>{4FC737F1-C7A5-4376-A066-2A32D752A2FF}</UniqueIdentifier>
      <Extensions>cpp;c;cc;cxx;def;odl;idl;hpj;bat;asm;asmx</Extensions>
    </Filter>
    <Filter Include="Header Files">
      <UniqueIdentifier>{93995380-89BD-4b04-88EB-625FBE52EBFB}</UniqueIdentifier>
      <Extensions>h;hpp;hxx;hm;inl;inc;xsd</Extensions>
    </Filter>
    <Filter Include="Resource Files">
      <UniqueIdentifier>{67DA6AB6-F800-4c08-8B7A-83BB121AAD01}</UniqueIdentifier>
      <Extensions>rc;ico;cur;bmp;dlg;rc2;rct;bin;rgs;gif;jpg;jpeg;jpe;resx;tiff;tif;png;wav;mfcribbon-ms</Extensions>
    </Filter>
  </ItemGroup>
  <ItemGroup>
    <Text Include="ReadMe.txt" />
  </ItemGroup>
  <ItemGroup>
    <ClInclude Include="include\anet\Packet.h">
      <Filter>Header Files</Filter>
    </ClInclude>
    <ClInclude Include="include\anet\PacketInfo.h">
      <Filter>Header Files</Filter>
    </ClInclude>
    <ClInclude Include="include\anet\ClientConnections.h">
      <Filter>Header Files</Filter>
    </ClInclude>
    <ClInclude Include="include\anet\Client.h">
      <Filter>Header Files</Filter>
    </ClInclude>
    <ClInclude Include="include\anet\Process.h">
      <Filter>Header Files</Filter>
    </ClInclude>
    <ClInclude Include="src\anet\ServerTcpConnections.h">
      <Filter>Header Files</Filter>
    </ClInclude>
    <ClInclude Include="src\anet\TcpConnection.h">
      <Filter>Header Files</Filter>
    </ClInclude>
    <ClInclude Include="include\anet\ClientConnection.h">
      <Filter>Header Files</Filter>
    </ClInclude>
    <ClInclude Include="src\anet\UdpConnection.h">
      <Filter>Header Files</Filter>
    </ClInclude>
    <ClInclude Include="src\anet\UdpMessages.h">
      <Filter>Header Files</Filter>
    </ClInclude>
    <ClInclude Include="src\anet\ServerUdpConnections.h">
      <Filter>Header Files</Filter>
    </ClInclude>
    <ClInclude Include="src\anet\ServerNetworkInterface.h">
      <Filter>Header Files</Filter>
    </ClInclude>
    <ClInclude Include="include\anet\HybridConnection.h">
      <Filter>Header Files</Filter>
    </ClInclude>
    <ClInclude Include="src\anet\HybridSocket.h">
      <Filter>Header Files</Filter>
    </ClInclude>
    <ClInclude Include="include\anet\IpPort.h">
      <Filter>Header Files</Filter>
    </ClInclude>
    <ClInclude Include="src\anet\ClientNetworkInterface.h">
      <Filter>Header Files</Filter>
    </ClInclude>
    <ClInclude Include="include\anet\ConnectionTypes.h">
      <Filter>Header Files</Filter>
    </ClInclude>
    <ClInclude Include="src\anet\UPNPService.h">
      <Filter>Header Files</Filter>
    </ClInclude>
  </ItemGroup>
  <ItemGroup>
    <ClCompile Include="src\anet\ServerTcpConnections.cpp">
      <Filter>Source Files</Filter>
    </ClCompile>
    <ClCompile Include="src\anet\ClientConnections.cpp">
      <Filter>Source Files</Filter>
    </ClCompile>
    <ClCompile Include="src\anet\Client.cpp">
      <Filter>Source Files</Filter>
    </ClCompile>
    <ClCompile Include="src\anet\ClientConnection.cpp">
      <Filter>Source Files</Filter>
    </ClCompile>
    <ClCompile Include="src\anet\HybridConnection.cpp">
      <Filter>Source Files</Filter>
    </ClCompile>
    <ClCompile Include="src\anet\HybridSocket.cpp">
      <Filter>Source Files</Filter>
    </ClCompile>
    <ClCompile Include="src\anet\UdpConnection_RakNet.cpp">
      <Filter>Source Files</Filter>
    </ClCompile>
    <ClCompile Include="src\anet\ServerUDPConnections_RakNet.cpp">
      <Filter>Source Files</Filter>
    </ClCompile>
    <ClCompile Include="src\anet\TcpConnection_SFML.cpp">
      <Filter>Source Files</Filter>
    </ClCompile>
    <ClCompile Include="src\anet\Packet_SFML.cpp">
      <Filter>Source Files</Filter>
    </ClCompile>
    <ClCompile Include="src\anet\UPNPService_miniupnp.cpp">
      <Filter>Source Files</Filter>
    </ClCompile>
  </ItemGroup>
</Project>